
Microsoft Visual Studio Solution File, Format Version 12.00
# Visual Studio Version 16
VisualStudioVersion = 16.0.31729.503
MinimumVisualStudioVersion = 10.0.40219.1
Project("{FAE04EC0-301F-11D3-BF4B-00C04F79EFBC}") = "RandomSoftware", "RandomSoftware\RandomSoftware.csproj", "{A638220A-82DE-4DE9-9FBD-DBE03432C21D}"
EndProject
Project("{FAE04EC0-301F-11D3-BF4B-00C04F79EFBC}") = "MockAPIService", "MockAPIService\MockAPIService.csproj", "{7DE20034-9EE2-4918-9BA4-04DEE35FBE16}"
EndProject
Project("{FAE04EC0-301F-11D3-BF4B-00C04F79EFBC}") = "Web", "Web\Web.csproj", "{DE0E393E-2E1C-41C2-9253-01BA71181C96}"
EndProject
Project("{FAE04EC0-301F-11D3-BF4B-00C04F79EFBC}") = "APITest", "APITest\APITest.csproj", "{91C0876B-430A-4625-9101-B5933C939CF1}"
EndProject
Global
	GlobalSection(SolutionConfigurationPlatforms) = preSolution
		Debug|Any CPU = Debug|Any CPU
		Release|Any CPU = Release|Any CPU
	EndGlobalSection
	GlobalSection(ProjectConfigurationPlatforms) = postSolution
		{A638220A-82DE-4DE9-9FBD-DBE03432C21D}.Debug|Any CPU.ActiveCfg = Debug|Any CPU
		{A638220A-82DE-4DE9-9FBD-DBE03432C21D}.Debug|Any CPU.Build.0 = Debug|Any CPU
		{A638220A-82DE-4DE9-9FBD-DBE03432C21D}.Release|Any CPU.ActiveCfg = Release|Any CPU
		{A638220A-82DE-4DE9-9FBD-DBE03432C21D}.Release|Any CPU.Build.0 = Release|Any CPU
		{7DE20034-9EE2-4918-9BA4-04DEE35FBE16}.Debug|Any CPU.ActiveCfg = Debug|Any CPU
		{7DE20034-9EE2-4918-9BA4-04DEE35FBE16}.Debug|Any CPU.Build.0 = Debug|Any CPU
		{7DE20034-9EE2-4918-9BA4-04DEE35FBE16}.Release|Any CPU.ActiveCfg = Release|Any CPU
		{7DE20034-9EE2-4918-9BA4-04DEE35FBE16}.Release|Any CPU.Build.0 = Release|Any CPU
		{DE0E393E-2E1C-41C2-9253-01BA71181C96}.Debug|Any CPU.ActiveCfg = Debug|Any CPU
		{DE0E393E-2E1C-41C2-9253-01BA71181C96}.Debug|Any CPU.Build.0 = Debug|Any CPU
		{DE0E393E-2E1C-41C2-9253-01BA71181C96}.Release|Any CPU.ActiveCfg = Release|Any CPU
		{DE0E393E-2E1C-41C2-9253-01BA71181C96}.Release|Any CPU.Build.0 = Release|Any CPU
		{91C0876B-430A-4625-9101-B5933C939CF1}.Debug|Any CPU.ActiveCfg = Debug|Any CPU
		{91C0876B-430A-4625-9101-B5933C939CF1}.Debug|Any CPU.Build.0 = Debug|Any CPU
		{91C0876B-430A-4625-9101-B5933C939CF1}.Release|Any CPU.ActiveCfg = Release|Any CPU
		{91C0876B-430A-4625-9101-B5933C939CF1}.Release|Any CPU.Build.0 = Release|Any CPU
	EndGlobalSection
	GlobalSection(SolutionProperties) = preSolution
		HideSolutionNode = FALSE
	EndGlobalSection
	GlobalSection(ExtensibilityGlobals) = postSolution
		SolutionGuid = {981C73CB-FF75-4BF5-8BB1-14DD0E64233B}
	EndGlobalSection
EndGlobal
